version = 1
requires-python = ">=3.10"

[[package]]
name = "anyio"
version = "4.10.0"
source = { registry = "https://pypi.org/simple" }
dependencies = [
    { name = "exceptiongroup", marker = "python_full_version < '3.11'" },
    { name = "idna" },
    { name = "sniffio" },
    { name = "typing-extensions", marker = "python_full_version < '3.13'" },
]
sdist = { url = "https://files.pythonhosted.org/packages/f1/b4/636b3b65173d3ce9a38ef5f0522789614e590dab6a8d505340a4efe4c567/anyio-4.10.0.tar.gz", hash = "sha256:3f3fae35c96039744587aa5b8371e7e8e603c0702999535961dd336026973ba6", size = 213252 }
wheels = [
    { url = "https://files.pythonhosted.org/packages/6f/12/e5e0282d673bb9746bacfb6e2dba8719989d3660cdb2ea79aee9a9651afb/anyio-4.10.0-py3-none-any.whl", hash = "sha256:60e474ac86736bbfd6f210f7a61218939c318f43f9972497381f1c5e930ed3d1", size = 107213 },
]

[[package]]
name = "certifi"
version = "2025.8.3"
source = { registry = "https://pypi.org/simple" }
sdist = { url = "https://files.pythonhosted.org/packages/dc/67/960ebe6bf230a96cda2e0abcf73af550ec4f090005363542f0765df162e0/certifi-2025.8.3.tar.gz", hash = "sha256:e564105f78ded564e3ae7c923924435e1daa7463faeab5bb932bc53ffae63407", size = 162386 }
wheels = [
    { url = "https://files.pythonhosted.org/packages/e5/48/1549795ba7742c948d2ad169c1c8cdbae65bc450d6cd753d124b17c8cd32/certifi-2025.8.3-py3-none-any.whl", hash = "sha256:f6c12493cfb1b06ba2ff328595af9350c65d6644968e5d3a2ffd78699af217a5", size = 161216 },
]

[[package]]
name = "exceptiongroup"
version = "1.3.0"
source = { registry = "https://pypi.org/simple" }
dependencies = [
    { name = "typing-extensions", marker = "python_full_version < '3.13'" },
]
sdist = { url = "https://files.pythonhosted.org/packages/0b/9f/a65090624ecf468cdca03533906e7c69ed7588582240cfe7cc9e770b50eb/exceptiongroup-1.3.0.tar.gz", hash = "sha256:b241f5885f560bc56a59ee63ca4c6a8bfa46ae4ad651af316d4e81817bb9fd88", size = 29749 }
wheels = [
    { url = "https://files.pythonhosted.org/packages/36/f4/c6e662dade71f56cd2f3735141b265c3c79293c109549c1e6933b0651ffc/exceptiongroup-1.3.0-py3-none-any.whl", hash = "sha256:4d111e6e0c13d0644cad6ddaa7ed0261a0b36971f6d23e7ec9b4b9097da78a10", size = 16674 },
]

[[package]]
name = "greenlet"
version = "3.2.3"
source = { registry = "https://pypi.org/simple" }
sdist = { url = "https://files.pythonhosted.org/packages/c9/92/bb85bd6e80148a4d2e0c59f7c0c2891029f8fd510183afc7d8d2feeed9b6/greenlet-3.2.3.tar.gz", hash = "sha256:8b0dd8ae4c0d6f5e54ee55ba935eeb3d735a9b58a8a1e5b5cbab64e01a39f365", size = 185752 }
wheels = [
    { url = "https://files.pythonhosted.org/packages/92/db/b4c12cff13ebac2786f4f217f06588bccd8b53d260453404ef22b121fc3a/greenlet-3.2.3-cp310-cp310-macosx_11_0_universal2.whl", hash = "sha256:1afd685acd5597349ee6d7a88a8bec83ce13c106ac78c196ee9dde7c04fe87be", size = 268977 },
    { url = "https://files.pythonhosted.org/packages/52/61/75b4abd8147f13f70986df2801bf93735c1bd87ea780d70e3b3ecda8c165/greenlet-3.2.3-cp310-cp310-manylinux2014_aarch64.manylinux_2_17_aarch64.whl", hash = "sha256:761917cac215c61e9dc7324b2606107b3b292a8349bdebb31503ab4de3f559ac", size = 627351 },
    { url = "https://files.pythonhosted.org/packages/35/aa/6894ae299d059d26254779a5088632874b80ee8cf89a88bca00b0709d22f/greenlet-3.2.3-cp310-cp310-manylinux2014_ppc64le.manylinux_2_17_ppc64le.whl", hash = "sha256:a433dbc54e4a37e4fff90ef34f25a8c00aed99b06856f0119dcf09fbafa16392", size = 638599 },
    { url = "https://files.pythonhosted.org/packages/30/64/e01a8261d13c47f3c082519a5e9dbf9e143cc0498ed20c911d04e54d526c/greenlet-3.2.3-cp310-cp310-manylinux2014_s390x.manylinux_2_17_s390x.whl", hash = "sha256:72e77ed69312bab0434d7292316d5afd6896192ac4327d44f3d613ecb85b037c", size = 634482 },
    { url = "https://files.pythonhosted.org/packages/47/48/ff9ca8ba9772d083a4f5221f7b4f0ebe8978131a9ae0909cf202f94cd879/greenlet-3.2.3-cp310-cp310-manylinux2014_x86_64.manylinux_2_17_x86_64.whl", hash = "sha256:68671180e3849b963649254a882cd544a3c75bfcd2c527346ad8bb53494444db", size = 633284 },
    { url = "https://files.pythonhosted.org/packages/e9/45/626e974948713bc15775b696adb3eb0bd708bec267d6d2d5c47bb47a6119/greenlet-3.2.3-cp310-cp310-manylinux_2_24_x86_64.manylinux_2_28_x86_64.whl", hash = "sha256:49c8cfb18fb419b3d08e011228ef8a25882397f3a859b9fe1436946140b6756b", size = 582206 },
    { url = "https://files.pythonhosted.org/packages/b1/8e/8b6f42c67d5df7db35b8c55c9a850ea045219741bb14416255616808c690/greenlet-3.2.3-cp310-cp310-musllinux_1_1_aarch64.whl", hash = "sha256:efc6dc8a792243c31f2f5674b670b3a95d46fa1c6a912b8e310d6f542e7b0712", size = 1111412 },
    { url = "https://files.pythonhosted.org/packages/05/46/ab58828217349500a7ebb81159d52ca357da747ff1797c29c6023d79d798/greenlet-3.2.3-cp310-cp310-musllinux_1_1_x86_64.whl", hash = "sha256:731e154aba8e757aedd0781d4b240f1225b075b4409f1bb83b05ff410582cf00", size = 1135054 },
    { url = "https://files.pythonhosted.org/packages/68/7f/d1b537be5080721c0f0089a8447d4ef72839039cdb743bdd8ffd23046e9a/greenlet-3.2.3-cp310-cp310-win_amd64.whl", hash = "sha256:96c20252c2f792defe9a115d3287e14811036d51e78b3aaddbee23b69b216302", size = 296573 },
    { url = "https://files.pythonhosted.org/packages/fc/2e/d4fcb2978f826358b673f779f78fa8a32ee37df11920dc2bb5589cbeecef/greenlet-3.2.3-cp311-cp311-macosx_11_0_universal2.whl", hash = "sha256:784ae58bba89fa1fa5733d170d42486580cab9decda3484779f4759345b29822", size = 270219 },
    { url = "https://files.pythonhosted.org/packages/16/24/929f853e0202130e4fe163bc1d05a671ce8dcd604f790e14896adac43a52/greenlet-3.2.3-cp311-cp311-manylinux2014_aarch64.manylinux_2_17_aarch64.whl", hash = "sha256:0921ac4ea42a5315d3446120ad48f90c3a6b9bb93dd9b3cf4e4d84a66e42de83", size = 630383 },
    { url = "https://files.pythonhosted.org/packages/d1/b2/0320715eb61ae70c25ceca2f1d5ae620477d246692d9cc284c13242ec31c/greenlet-3.2.3-cp311-cp311-manylinux2014_ppc64le.manylinux_2_17_ppc64le.whl", hash = "sha256:d2971d93bb99e05f8c2c0c2f4aa9484a18d98c4c3bd3c62b65b7e6ae33dfcfaf", size = 642422 },
    { url = "https://files.pythonhosted.org/packages/bd/49/445fd1a210f4747fedf77615d941444349c6a3a4a1135bba9701337cd966/greenlet-3.2.3-cp311-cp311-manylinux2014_s390x.manylinux_2_17_s390x.whl", hash = "sha256:c667c0bf9d406b77a15c924ef3285e1e05250948001220368e039b6aa5b5034b", size = 638375 },
    { url = "https://files.pythonhosted.org/packages/7e/c8/ca19760cf6eae75fa8dc32b487e963d863b3ee04a7637da77b616703bc37/greenlet-3.2.3-cp311-cp311-manylinux2014_x86_64.manylinux_2_17_x86_64.whl", hash = "sha256:592c12fb1165be74592f5de0d70f82bc5ba552ac44800d632214b76089945147", size = 637627 },
    { url = "https://files.pythonhosted.org/packages/65/89/77acf9e3da38e9bcfca881e43b02ed467c1dedc387021fc4d9bd9928afb8/greenlet-3.2.3-cp311-cp311-manylinux_2_24_x86_64.manylinux_2_28_x86_64.whl", hash = "sha256:29e184536ba333003540790ba29829ac14bb645514fbd7e32af331e8202a62a5", size = 585502 },
    { url = "https://files.pythonhosted.org/packages/97/c6/ae244d7c95b23b7130136e07a9cc5aadd60d59b5951180dc7dc7e8edaba7/greenlet-3.2.3-cp311-cp311-musllinux_1_1_aarch64.whl", hash = "sha256:93c0bb79844a367782ec4f429d07589417052e621aa39a5ac1fb99c5aa308edc", size = 1114498 },
    { url = "https://files.pythonhosted.org/packages/89/5f/b16dec0cbfd3070658e0d744487919740c6d45eb90946f6787689a7efbce/greenlet-3.2.3-cp311-cp311-musllinux_1_1_x86_64.whl", hash = "sha256:751261fc5ad7b6705f5f76726567375bb2104a059454e0226e1eef6c756748ba", size = 1139977 },
    { url = "https://files.pythonhosted.org/packages/66/77/d48fb441b5a71125bcac042fc5b1494c806ccb9a1432ecaa421e72157f77/greenlet-3.2.3-cp311-cp311-win_amd64.whl", hash = "sha256:83a8761c75312361aa2b5b903b79da97f13f556164a7dd2d5448655425bd4c34", size = 297017 },
    { url = "https://files.pythonhosted.org/packages/f3/94/ad0d435f7c48debe960c53b8f60fb41c2026b1d0fa4a99a1cb17c3461e09/greenlet-3.2.3-cp312-cp312-macosx_11_0_universal2.whl", hash = "sha256:25ad29caed5783d4bd7a85c9251c651696164622494c00802a139c00d639242d", size = 271992 },
    { url = "https://files.pythonhosted.org/packages/93/5d/7c27cf4d003d6e77749d299c7c8f5fd50b4f251647b5c2e97e1f20da0ab5/greenlet-3.2.3-cp312-cp312-manylinux2014_aarch64.manylinux_2_17_aarch64.whl", hash = "sha256:88cd97bf37fe24a6710ec6a3a7799f3f81d9cd33317dcf565ff9950c83f55e0b", size = 638820 },
    { url = "https://files.pythonhosted.org/packages/c6/7e/807e1e9be07a125bb4c169144937910bf59b9d2f6d931578e57f0bce0ae2/greenlet-3.2.3-cp312-cp312-manylinux2014_ppc64le.manylinux_2_17_ppc64le.whl", hash = "sha256:baeedccca94880d2f5666b4fa16fc20ef50ba1ee353ee2d7092b383a243b0b0d", size = 653046 },
    { url = "https://files.pythonhosted.org/packages/9d/ab/158c1a4ea1068bdbc78dba5a3de57e4c7aeb4e7fa034320ea94c688bfb61/greenlet-3.2.3-cp312-cp312-manylinux2014_s390x.manylinux_2_17_s390x.whl", hash = "sha256:be52af4b6292baecfa0f397f3edb3c6092ce071b499dd6fe292c9ac9f2c8f264", size = 647701 },
    { url = "https://files.pythonhosted.org/packages/cc/0d/93729068259b550d6a0288da4ff72b86ed05626eaf1eb7c0d3466a2571de/greenlet-3.2.3-cp312-cp312-manylinux2014_x86_64.manylinux_2_17_x86_64.whl", hash = "sha256:0cc73378150b8b78b0c9fe2ce56e166695e67478550769536a6742dca3651688", size = 649747 },
    { url = "https://files.pythonhosted.org/packages/f6/f6/c82ac1851c60851302d8581680573245c8fc300253fc1ff741ae74a6c24d/greenlet-3.2.3-cp312-cp312-manylinux_2_24_x86_64.manylinux_2_28_x86_64.whl", hash = "sha256:706d016a03e78df129f68c4c9b4c4f963f7d73534e48a24f5f5a7101ed13dbbb", size = 605461 },
    { url = "https://files.pythonhosted.org/packages/98/82/d022cf25ca39cf1200650fc58c52af32c90f80479c25d1cbf57980ec3065/greenlet-3.2.3-cp312-cp312-musllinux_1_1_aarch64.whl", hash = "sha256:419e60f80709510c343c57b4bb5a339d8767bf9aef9b8ce43f4f143240f88b7c", size = 1121190 },
    { url = "https://files.pythonhosted.org/packages/f5/e1/25297f70717abe8104c20ecf7af0a5b82d2f5a980eb1ac79f65654799f9f/greenlet-3.2.3-cp312-cp312-musllinux_1_1_x86_64.whl", hash = "sha256:93d48533fade144203816783373f27a97e4193177ebaaf0fc396db19e5d61163", size = 1149055 },
    { url = "https://files.pythonhosted.org/packages/1f/8f/8f9e56c5e82eb2c26e8cde787962e66494312dc8cb261c460e1f3a9c88bc/greenlet-3.2.3-cp312-cp312-win_amd64.whl", hash = "sha256:7454d37c740bb27bdeddfc3f358f26956a07d5220818ceb467a483197d84f849", size = 297817 },
    { url = "https://files.pythonhosted.org/packages/b1/cf/f5c0b23309070ae93de75c90d29300751a5aacefc0a3ed1b1d8edb28f08b/greenlet-3.2.3-cp313-cp313-macosx_11_0_universal2.whl", hash = "sha256:500b8689aa9dd1ab26872a34084503aeddefcb438e2e7317b89b11eaea1901ad", size = 270732 },
    { url = "https://files.pythonhosted.org/packages/48/ae/91a957ba60482d3fecf9be49bc3948f341d706b52ddb9d83a70d42abd498/greenlet-3.2.3-cp313-cp313-manylinux2014_aarch64.manylinux_2_17_aarch64.whl", hash = "sha256:a07d3472c2a93117af3b0136f246b2833fdc0b542d4a9799ae5f41c28323faef", size = 639033 },
    { url = "https://files.pythonhosted.org/packages/6f/df/20ffa66dd5a7a7beffa6451bdb7400d66251374ab40b99981478c69a67a8/greenlet-3.2.3-cp313-cp313-manylinux2014_ppc64le.manylinux_2_17_ppc64le.whl", hash = "sha256:8704b3768d2f51150626962f4b9a9e4a17d2e37c8a8d9867bbd9fa4eb938d3b3", size = 652999 },
    { url = "https://files.pythonhosted.org/packages/51/b4/ebb2c8cb41e521f1d72bf0465f2f9a2fd803f674a88db228887e6847077e/greenlet-3.2.3-cp313-cp313-manylinux2014_s390x.manylinux_2_17_s390x.whl", hash = "sha256:5035d77a27b7c62db6cf41cf786cfe2242644a7a337a0e155c80960598baab95", size = 647368 },
    { url = "https://files.pythonhosted.org/packages/8e/6a/1e1b5aa10dced4ae876a322155705257748108b7fd2e4fae3f2a091fe81a/greenlet-3.2.3-cp313-cp313-manylinux2014_x86_64.manylinux_2_17_x86_64.whl", hash = "sha256:2d8aa5423cd4a396792f6d4580f88bdc6efcb9205891c9d40d20f6e670992efb", size = 650037 },
    { url = "https://files.pythonhosted.org/packages/26/f2/ad51331a157c7015c675702e2d5230c243695c788f8f75feba1af32b3617/greenlet-3.2.3-cp313-cp313-manylinux_2_24_x86_64.manylinux_2_28_x86_64.whl", hash = "sha256:2c724620a101f8170065d7dded3f962a2aea7a7dae133a009cada42847e04a7b", size = 608402 },
    { url = "https://files.pythonhosted.org/packages/26/bc/862bd2083e6b3aff23300900a956f4ea9a4059de337f5c8734346b9b34fc/greenlet-3.2.3-cp313-cp313-musllinux_1_1_aarch64.whl", hash = "sha256:873abe55f134c48e1f2a6f53f7d1419192a3d1a4e873bace00499a4e45ea6af0", size = 1119577 },
    { url = "https://files.pythonhosted.org/packages/86/94/1fc0cc068cfde885170e01de40a619b00eaa8f2916bf3541744730ffb4c3/greenlet-3.2.3-cp313-cp313-musllinux_1_1_x86_64.whl", hash = "sha256:024571bbce5f2c1cfff08bf3fbaa43bbc7444f580ae13b0099e95d0e6e67ed36", size = 1147121 },
    { url = "https://files.pythonhosted.org/packages/27/1a/199f9587e8cb08a0658f9c30f3799244307614148ffe8b1e3aa22f324dea/greenlet-3.2.3-cp313-cp313-win_amd64.whl", hash = "sha256:5195fb1e75e592dd04ce79881c8a22becdfa3e6f500e7feb059b1e6fdd54d3e3", size = 297603 },
    { url = "https://files.pythonhosted.org/packages/d8/ca/accd7aa5280eb92b70ed9e8f7fd79dc50a2c21d8c73b9a0856f5b564e222/greenlet-3.2.3-cp314-cp314-macosx_11_0_universal2.whl", hash = "sha256:3d04332dddb10b4a211b68111dabaee2e1a073663d117dc10247b5b1642bac86", size = 271479 },
    { url = "https://files.pythonhosted.org/packages/55/71/01ed9895d9eb49223280ecc98a557585edfa56b3d0e965b9fa9f7f06b6d9/greenlet-3.2.3-cp314-cp314-manylinux2014_aarch64.manylinux_2_17_aarch64.whl", hash = "sha256:8186162dffde068a465deab08fc72c767196895c39db26ab1c17c0b77a6d8b97", size = 683952 },
    { url = "https://files.pythonhosted.org/packages/ea/61/638c4bdf460c3c678a0a1ef4c200f347dff80719597e53b5edb2fb27ab54/greenlet-3.2.3-cp314-cp314-manylinux2014_ppc64le.manylinux_2_17_ppc64le.whl", hash = "sha256:f4bfbaa6096b1b7a200024784217defedf46a07c2eee1a498e94a1b5f8ec5728", size = 696917 },
    { url = "https://files.pythonhosted.org/packages/22/cc/0bd1a7eb759d1f3e3cc2d1bc0f0b487ad3cc9f34d74da4b80f226fde4ec3/greenlet-3.2.3-cp314-cp314-manylinux2014_s390x.manylinux_2_17_s390x.whl", hash = "sha256:ed6cfa9200484d234d8394c70f5492f144b20d4533f69262d530a1a082f6ee9a", size = 692443 },
    { url = "https://files.pythonhosted.org/packages/67/10/b2a4b63d3f08362662e89c103f7fe28894a51ae0bc890fabf37d1d780e52/greenlet-3.2.3-cp314-cp314-manylinux2014_x86_64.manylinux_2_17_x86_64.whl", hash = "sha256:02b0df6f63cd15012bed5401b47829cfd2e97052dc89da3cfaf2c779124eb892", size = 692995 },
    { url = "https://files.pythonhosted.org/packages/5a/c6/ad82f148a4e3ce9564056453a71529732baf5448ad53fc323e37efe34f66/greenlet-3.2.3-cp314-cp314-manylinux_2_24_x86_64.manylinux_2_28_x86_64.whl", hash = "sha256:86c2d68e87107c1792e2e8d5399acec2487a4e993ab76c792408e59394d52141", size = 655320 },
    { url = "https://files.pythonhosted.org/packages/5c/4f/aab73ecaa6b3086a4c89863d94cf26fa84cbff63f52ce9bc4342b3087a06/greenlet-3.2.3-cp314-cp314-win_amd64.whl", hash = "sha256:8c47aae8fbbfcf82cc13327ae802ba13c9c36753b67e760023fd116bc124a62a", size = 301236 },
]

[[package]]
name = "h11"
version = "0.16.0"
source = { registry = "https://pypi.org/simple" }
sdist = { url = "https://files.pythonhosted.org/packages/01/ee/02a2c011bdab74c6fb3c75474d40b3052059d95df7e73351460c8588d963/h11-0.16.0.tar.gz", hash = "sha256:4e35b956cf45792e4caa5885e69fba00bdbc6ffafbfa020300e549b208ee5ff1", size = 101250 }
wheels = [
    { url = "https://files.pythonhosted.org/packages/04/4b/29cac41a4d98d144bf5f6d33995617b185d14b22401f75ca86f384e87ff1/h11-0.16.0-py3-none-any.whl", hash = "sha256:63cf8bbe7522de3bf65932fda1d9c2772064ffb3dae62d55932da54b31cb6c86", size = 37515 },
]

[[package]]
name = "httpcore"
version = "1.0.9"
source = { registry = "https://pypi.org/simple" }
dependencies = [
    { name = "certifi" },
    { name = "h11" },
]
sdist = { url = "https://files.pythonhosted.org/packages/06/94/82699a10bca87a5556c9c59b5963f2d039dbd239f25bc2a63907a05a14cb/httpcore-1.0.9.tar.gz", hash = "sha256:6e34463af53fd2ab5d807f399a9b45ea31c3dfa2276f15a2c3f00afff6e176e8", size = 85484 }
wheels = [
    { url = "https://files.pythonhosted.org/packages/7e/f5/f66802a942d491edb555dd61e3a9961140fd64c90bce1eafd741609d334d/httpcore-1.0.9-py3-none-any.whl", hash = "sha256:2d400746a40668fc9dec9810239072b40b4484b640a8c38fd654a024c7a1bf55", size = 78784 },
]

[[package]]
name = "httpx"
version = "0.28.1"
source = { registry = "https://pypi.org/simple" }
dependencies = [
    { name = "anyio" },
    { name = "certifi" },
    { name = "httpcore" },
    { name = "idna" },
]
sdist = { url = "https://files.pythonhosted.org/packages/b1/df/48c586a5fe32a0f01324ee087459e112ebb7224f646c0b5023f5e79e9956/httpx-0.28.1.tar.gz", hash = "sha256:75e98c5f16b0f35b567856f597f06ff2270a374470a5c2392242528e3e3e42fc", size = 141406 }
wheels = [
    { url = "https://files.pythonhosted.org/packages/2a/39/e50c7c3a983047577ee07d2a9e53faf5a69493943ec3f6a384bdc792deb2/httpx-0.28.1-py3-none-any.whl", hash = "sha256:d909fcccc110f8c7faf814ca82a9a4d816bc5a6dbfea25d6591d6985b8ba59ad", size = 73517 },
]

[[package]]
name = "idna"
version = "3.10"
source = { registry = "https://pypi.org/simple" }
sdist = { url = "https://files.pythonhosted.org/packages/f1/70/7703c29685631f5a7590aa73f1f1d3fa9a380e654b86af429e0934a32f7d/idna-3.10.tar.gz", hash = "sha256:12f65c9b470abda6dc35cf8e63cc574b1c52b11df2c86030af0ac09b01b13ea9", size = 190490 }
wheels = [
    { url = "https://files.pythonhosted.org/packages/76/c6/c88e154df9c4e1a2a66ccf0005a88dfb2650c1dffb6f5ce603dfbd452ce3/idna-3.10-py3-none-any.whl", hash = "sha256:946d195a0d259cbba61165e88e65941f16e9b36ea6ddb97f00452bae8b1287d3", size = 70442 },
]

[[package]]
name = "medida-enterprise-api-example"
version = "0.1.0"
source = { virtual = "." }
dependencies = [
    { name = "httpx" },
]

[package.dev-dependencies]
dev = [
    { name = "pynvim" },
    { name = "pyright" },
    { name = "ruff" },
]

[package.metadata]
requires-dist = [{ name = "httpx", specifier = ">=0.28.1" }]

[package.metadata.requires-dev]
dev = [
    { name = "pynvim", specifier = ">=0.5.2" },
    { name = "pyright", specifier = ">=1.1.403" },
    { name = "ruff", specifier = ">=0.12.7" },
]

[[package]]
name = "msgpack"
version = "1.1.1"
source = { registry = "https://pypi.org/simple" }
sdist = { url = "https://files.pythonhosted.org/packages/45/b1/ea4f68038a18c77c9467400d166d74c4ffa536f34761f7983a104357e614/msgpack-1.1.1.tar.gz", hash = "sha256:77b79ce34a2bdab2594f490c8e80dd62a02d650b91a75159a63ec413b8d104cd", size = 173555 }
wheels = [
    { url = "https://files.pythonhosted.org/packages/33/52/f30da112c1dc92cf64f57d08a273ac771e7b29dea10b4b30369b2d7e8546/msgpack-1.1.1-cp310-cp310-macosx_10_9_x86_64.whl", hash = "sha256:353b6fc0c36fde68b661a12949d7d49f8f51ff5fa019c1e47c87c4ff34b080ed", size = 81799 },
    { url = "https://files.pythonhosted.org/packages/e4/35/7bfc0def2f04ab4145f7f108e3563f9b4abae4ab0ed78a61f350518cc4d2/msgpack-1.1.1-cp310-cp310-macosx_11_0_arm64.whl", hash = "sha256:79c408fcf76a958491b4e3b103d1c417044544b68e96d06432a189b43d1215c8", size = 78278 },
    { url = "https://files.pythonhosted.org/packages/e8/c5/df5d6c1c39856bc55f800bf82778fd4c11370667f9b9e9d51b2f5da88f20/msgpack-1.1.1-cp310-cp310-manylinux_2_17_aarch64.manylinux2014_aarch64.whl", hash = "sha256:78426096939c2c7482bf31ef15ca219a9e24460289c00dd0b94411040bb73ad2", size = 402805 },
    { url = "https://files.pythonhosted.org/packages/20/8e/0bb8c977efecfe6ea7116e2ed73a78a8d32a947f94d272586cf02a9757db/msgpack-1.1.1-cp310-cp310-manylinux_2_17_x86_64.manylinux2014_x86_64.whl", hash = "sha256:8b17ba27727a36cb73aabacaa44b13090feb88a01d012c0f4be70c00f75048b4", size = 408642 },
    { url = "https://files.pythonhosted.org/packages/59/a1/731d52c1aeec52006be6d1f8027c49fdc2cfc3ab7cbe7c28335b2910d7b6/msgpack-1.1.1-cp310-cp310-manylinux_2_5_i686.manylinux1_i686.manylinux_2_17_i686.manylinux2014_i686.whl", hash = "sha256:7a17ac1ea6ec3c7687d70201cfda3b1e8061466f28f686c24f627cae4ea8efd0", size = 395143 },
    { url = "https://files.pythonhosted.org/packages/2b/92/b42911c52cda2ba67a6418ffa7d08969edf2e760b09015593c8a8a27a97d/msgpack-1.1.1-cp310-cp310-musllinux_1_2_aarch64.whl", hash = "sha256:88d1e966c9235c1d4e2afac21ca83933ba59537e2e2727a999bf3f515ca2af26", size = 395986 },
    { url = "https://files.pythonhosted.org/packages/61/dc/8ae165337e70118d4dab651b8b562dd5066dd1e6dd57b038f32ebc3e2f07/msgpack-1.1.1-cp310-cp310-musllinux_1_2_i686.whl", hash = "sha256:f6d58656842e1b2ddbe07f43f56b10a60f2ba5826164910968f5933e5178af75", size = 402682 },
    { url = "https://files.pythonhosted.org/packages/58/27/555851cb98dcbd6ce041df1eacb25ac30646575e9cd125681aa2f4b1b6f1/msgpack-1.1.1-cp310-cp310-musllinux_1_2_x86_64.whl", hash = "sha256:96decdfc4adcbc087f5ea7ebdcfd3dee9a13358cae6e81d54be962efc38f6338", size = 406368 },
    { url = "https://files.pythonhosted.org/packages/d4/64/39a26add4ce16f24e99eabb9005e44c663db00e3fce17d4ae1ae9d61df99/msgpack-1.1.1-cp310-cp310-win32.whl", hash = "sha256:6640fd979ca9a212e4bcdf6eb74051ade2c690b862b679bfcb60ae46e6dc4bfd", size = 65004 },
    { url = "https://files.pythonhosted.org/packages/7d/18/73dfa3e9d5d7450d39debde5b0d848139f7de23bd637a4506e36c9800fd6/msgpack-1.1.1-cp310-cp310-win_amd64.whl", hash = "sha256:8b65b53204fe1bd037c40c4148d00ef918eb2108d24c9aaa20bc31f9810ce0a8", size = 71548 },
    { url = "https://files.pythonhosted.org/packages/7f/83/97f24bf9848af23fe2ba04380388216defc49a8af6da0c28cc636d722502/msgpack-1.1.1-cp311-cp311-macosx_10_9_x86_64.whl", hash = "sha256:71ef05c1726884e44f8b1d1773604ab5d4d17729d8491403a705e649116c9558", size = 82728 },
    { url = "https://files.pythonhosted.org/packages/aa/7f/2eaa388267a78401f6e182662b08a588ef4f3de6f0eab1ec09736a7aaa2b/msgpack-1.1.1-cp311-cp311-macosx_11_0_arm64.whl", hash = "sha256:36043272c6aede309d29d56851f8841ba907a1a3d04435e43e8a19928e243c1d", size = 79279 },
    { url = "https://files.pythonhosted.org/packages/f8/46/31eb60f4452c96161e4dfd26dbca562b4ec68c72e4ad07d9566d7ea35e8a/msgpack-1.1.1-cp311-cp311-manylinux_2_17_aarch64.manylinux2014_aarch64.whl", hash = "sha256:a32747b1b39c3ac27d0670122b57e6e57f28eefb725e0b625618d1b59bf9d1e0", size = 423859 },
    { url = "https://files.pythonhosted.org/packages/45/16/a20fa8c32825cc7ae8457fab45670c7a8996d7746ce80ce41cc51e3b2bd7/msgpack-1.1.1-cp311-cp311-manylinux_2_17_x86_64.manylinux2014_x86_64.whl", hash = "sha256:8a8b10fdb84a43e50d38057b06901ec9da52baac6983d3f709d8507f3889d43f", size = 429975 },
    { url = "https://files.pythonhosted.org/packages/86/ea/6c958e07692367feeb1a1594d35e22b62f7f476f3c568b002a5ea09d443d/msgpack-1.1.1-cp311-cp311-manylinux_2_5_i686.manylinux1_i686.manylinux_2_17_i686.manylinux2014_i686.whl", hash = "sha256:ba0c325c3f485dc54ec298d8b024e134acf07c10d494ffa24373bea729acf704", size = 413528 },
    { url = "https://files.pythonhosted.org/packages/75/05/ac84063c5dae79722bda9f68b878dc31fc3059adb8633c79f1e82c2cd946/msgpack-1.1.1-cp311-cp311-musllinux_1_2_aarch64.whl", hash = "sha256:88daaf7d146e48ec71212ce21109b66e06a98e5e44dca47d853cbfe171d6c8d2", size = 413338 },
    { url = "https://files.pythonhosted.org/packages/69/e8/fe86b082c781d3e1c09ca0f4dacd457ede60a13119b6ce939efe2ea77b76/msgpack-1.1.1-cp311-cp311-musllinux_1_2_i686.whl", hash = "sha256:d8b55ea20dc59b181d3f47103f113e6f28a5e1c89fd5b67b9140edb442ab67f2", size = 422658 },
    { url = "https://files.pythonhosted.org/packages/3b/2b/bafc9924df52d8f3bb7c00d24e57be477f4d0f967c0a31ef5e2225e035c7/msgpack-1.1.1-cp311-cp311-musllinux_1_2_x86_64.whl", hash = "sha256:4a28e8072ae9779f20427af07f53bbb8b4aa81151054e882aee333b158da8752", size = 427124 },
    { url = "https://files.pythonhosted.org/packages/a2/3b/1f717e17e53e0ed0b68fa59e9188f3f610c79d7151f0e52ff3cd8eb6b2dc/msgpack-1.1.1-cp311-cp311-win32.whl", hash = "sha256:7da8831f9a0fdb526621ba09a281fadc58ea12701bc709e7b8cbc362feabc295", size = 65016 },
    { url = "https://files.pythonhosted.org/packages/48/45/9d1780768d3b249accecc5a38c725eb1e203d44a191f7b7ff1941f7df60c/msgpack-1.1.1-cp311-cp311-win_amd64.whl", hash = "sha256:5fd1b58e1431008a57247d6e7cc4faa41c3607e8e7d4aaf81f7c29ea013cb458", size = 72267 },
    { url = "https://files.pythonhosted.org/packages/e3/26/389b9c593eda2b8551b2e7126ad3a06af6f9b44274eb3a4f054d48ff7e47/msgpack-1.1.1-cp312-cp312-macosx_10_13_x86_64.whl", hash = "sha256:ae497b11f4c21558d95de9f64fff7053544f4d1a17731c866143ed6bb4591238", size = 82359 },
    { url = "https://files.pythonhosted.org/packages/ab/65/7d1de38c8a22cf8b1551469159d4b6cf49be2126adc2482de50976084d78/msgpack-1.1.1-cp312-cp312-macosx_11_0_arm64.whl", hash = "sha256:33be9ab121df9b6b461ff91baac6f2731f83d9b27ed948c5b9d1978ae28bf157", size = 79172 },
    { url = "https://files.pythonhosted.org/packages/0f/bd/cacf208b64d9577a62c74b677e1ada005caa9b69a05a599889d6fc2ab20a/msgpack-1.1.1-cp312-cp312-manylinux_2_17_aarch64.manylinux2014_aarch64.whl", hash = "sha256:6f64ae8fe7ffba251fecb8408540c34ee9df1c26674c50c4544d72dbf792e5ce", size = 425013 },
    { url = "https://files.pythonhosted.org/packages/4d/ec/fd869e2567cc9c01278a736cfd1697941ba0d4b81a43e0aa2e8d71dab208/msgpack-1.1.1-cp312-cp312-manylinux_2_17_x86_64.manylinux2014_x86_64.whl", hash = "sha256:a494554874691720ba5891c9b0b39474ba43ffb1aaf32a5dac874effb1619e1a", size = 426905 },
    { url = "https://files.pythonhosted.org/packages/55/2a/35860f33229075bce803a5593d046d8b489d7ba2fc85701e714fc1aaf898/msgpack-1.1.1-cp312-cp312-manylinux_2_5_i686.manylinux1_i686.manylinux_2_17_i686.manylinux2014_i686.whl", hash = "sha256:cb643284ab0ed26f6957d969fe0dd8bb17beb567beb8998140b5e38a90974f6c", size = 407336 },
    { url = "https://files.pythonhosted.org/packages/8c/16/69ed8f3ada150bf92745fb4921bd621fd2cdf5a42e25eb50bcc57a5328f0/msgpack-1.1.1-cp312-cp312-musllinux_1_2_aarch64.whl", hash = "sha256:d275a9e3c81b1093c060c3837e580c37f47c51eca031f7b5fb76f7b8470f5f9b", size = 409485 },
    { url = "https://files.pythonhosted.org/packages/c6/b6/0c398039e4c6d0b2e37c61d7e0e9d13439f91f780686deb8ee64ecf1ae71/msgpack-1.1.1-cp312-cp312-musllinux_1_2_i686.whl", hash = "sha256:4fd6b577e4541676e0cc9ddc1709d25014d3ad9a66caa19962c4f5de30fc09ef", size = 412182 },
    { url = "https://files.pythonhosted.org/packages/b8/d0/0cf4a6ecb9bc960d624c93effaeaae75cbf00b3bc4a54f35c8507273cda1/msgpack-1.1.1-cp312-cp312-musllinux_1_2_x86_64.whl", hash = "sha256:bb29aaa613c0a1c40d1af111abf025f1732cab333f96f285d6a93b934738a68a", size = 419883 },
    { url = "https://files.pythonhosted.org/packages/62/83/9697c211720fa71a2dfb632cad6196a8af3abea56eece220fde4674dc44b/msgpack-1.1.1-cp312-cp312-win32.whl", hash = "sha256:870b9a626280c86cff9c576ec0d9cbcc54a1e5ebda9cd26dab12baf41fee218c", size = 65406 },
    { url = "https://files.pythonhosted.org/packages/c0/23/0abb886e80eab08f5e8c485d6f13924028602829f63b8f5fa25a06636628/msgpack-1.1.1-cp312-cp312-win_amd64.whl", hash = "sha256:5692095123007180dca3e788bb4c399cc26626da51629a31d40207cb262e67f4", size = 72558 },
    { url = "https://files.pythonhosted.org/packages/a1/38/561f01cf3577430b59b340b51329803d3a5bf6a45864a55f4ef308ac11e3/msgpack-1.1.1-cp313-cp313-macosx_10_13_x86_64.whl", hash = "sha256:3765afa6bd4832fc11c3749be4ba4b69a0e8d7b728f78e68120a157a4c5d41f0", size = 81677 },
    { url = "https://files.pythonhosted.org/packages/09/48/54a89579ea36b6ae0ee001cba8c61f776451fad3c9306cd80f5b5c55be87/msgpack-1.1.1-cp313-cp313-macosx_11_0_arm64.whl", hash = "sha256:8ddb2bcfd1a8b9e431c8d6f4f7db0773084e107730ecf3472f1dfe9ad583f3d9", size = 78603 },
    { url = "https://files.pythonhosted.org/packages/a0/60/daba2699b308e95ae792cdc2ef092a38eb5ee422f9d2fbd4101526d8a210/msgpack-1.1.1-cp313-cp313-manylinux_2_17_aarch64.manylinux2014_aarch64.whl", hash = "sha256:196a736f0526a03653d829d7d4c5500a97eea3648aebfd4b6743875f28aa2af8", size = 420504 },
    { url = "https://files.pythonhosted.org/packages/20/22/2ebae7ae43cd8f2debc35c631172ddf14e2a87ffcc04cf43ff9df9fff0d3/msgpack-1.1.1-cp313-cp313-manylinux_2_17_x86_64.manylinux2014_x86_64.whl", hash = "sha256:9d592d06e3cc2f537ceeeb23d38799c6ad83255289bb84c2e5792e5a8dea268a", size = 423749 },
    { url = "https://files.pythonhosted.org/packages/40/1b/54c08dd5452427e1179a40b4b607e37e2664bca1c790c60c442c8e972e47/msgpack-1.1.1-cp313-cp313-manylinux_2_5_i686.manylinux1_i686.manylinux_2_17_i686.manylinux2014_i686.whl", hash = "sha256:4df2311b0ce24f06ba253fda361f938dfecd7b961576f9be3f3fbd60e87130ac", size = 404458 },
    { url = "https://files.pythonhosted.org/packages/2e/60/6bb17e9ffb080616a51f09928fdd5cac1353c9becc6c4a8abd4e57269a16/msgpack-1.1.1-cp313-cp313-musllinux_1_2_aarch64.whl", hash = "sha256:e4141c5a32b5e37905b5940aacbc59739f036930367d7acce7a64e4dec1f5e0b", size = 405976 },
    { url = "https://files.pythonhosted.org/packages/ee/97/88983e266572e8707c1f4b99c8fd04f9eb97b43f2db40e3172d87d8642db/msgpack-1.1.1-cp313-cp313-musllinux_1_2_i686.whl", hash = "sha256:b1ce7f41670c5a69e1389420436f41385b1aa2504c3b0c30620764b15dded2e7", size = 408607 },
    { url = "https://files.pythonhosted.org/packages/bc/66/36c78af2efaffcc15a5a61ae0df53a1d025f2680122e2a9eb8442fed3ae4/msgpack-1.1.1-cp313-cp313-musllinux_1_2_x86_64.whl", hash = "sha256:4147151acabb9caed4e474c3344181e91ff7a388b888f1e19ea04f7e73dc7ad5", size = 424172 },
    { url = "https://files.pythonhosted.org/packages/8c/87/a75eb622b555708fe0427fab96056d39d4c9892b0c784b3a721088c7ee37/msgpack-1.1.1-cp313-cp313-win32.whl", hash = "sha256:500e85823a27d6d9bba1d057c871b4210c1dd6fb01fbb764e37e4e8847376323", size = 65347 },
    { url = "https://files.pythonhosted.org/packages/ca/91/7dc28d5e2a11a5ad804cf2b7f7a5fcb1eb5a4966d66a5d2b41aee6376543/msgpack-1.1.1-cp313-cp313-win_amd64.whl", hash = "sha256:6d489fba546295983abd142812bda76b57e33d0b9f5d5b71c09a583285506f69", size = 72341 },
]

[[package]]
name = "nodeenv"
version = "1.9.1"
source = { registry = "https://pypi.org/simple" }
sdist = { url = "https://files.pythonhosted.org/packages/43/16/fc88b08840de0e0a72a2f9d8c6bae36be573e475a6326ae854bcc549fc45/nodeenv-1.9.1.tar.gz", hash = "sha256:6ec12890a2dab7946721edbfbcd91f3319c6ccc9aec47be7c7e6b7011ee6645f", size = 47437 }
wheels = [
    { url = "https://files.pythonhosted.org/packages/d2/1d/1b658dbd2b9fa9c4c9f32accbfc0205d532c8c6194dc0f2a4c0428e7128a/nodeenv-1.9.1-py2.py3-none-any.whl", hash = "sha256:ba11c9782d29c27c70ffbdda2d7415098754709be8a7056d79a737cd901155c9", size = 22314 },
]

[[package]]
name = "pynvim"
version = "0.5.2"
source = { registry = "https://pypi.org/simple" }
dependencies = [
    { name = "greenlet", marker = "platform_python_implementation != 'PyPy'" },
    { name = "msgpack" },
    { name = "typing-extensions", marker = "python_full_version < '3.12'" },
]
sdist = { url = "https://files.pythonhosted.org/packages/09/84/c77ec45e084907e128710e08f5d7926723d7a67ccbebf27089309118807d/pynvim-0.5.2.tar.gz", hash = "sha256:734a2432db8683519f58572617528ecb4a2f321bc7b27f034b3f9b2322c15615", size = 50053 }
wheels = [
    { url = "https://files.pythonhosted.org/packages/d2/11/70758ae8d5869241fe5f6ae2083a9af908f037d07e847bec53de0f96c51b/pynvim-0.5.2-py3-none-any.whl", hash = "sha256:20b1c5a18c4cddfc480950094d4135f782b1a98c32149ea63e24bbdb7021eb54", size = 46175 },
]

[[package]]
name = "pyright"
version = "1.1.403"
source = { registry = "https://pypi.org/simple" }
dependencies = [
    { name = "nodeenv" },
    { name = "typing-extensions" },
]
sdist = { url = "https://files.pythonhosted.org/packages/fe/f6/35f885264ff08c960b23d1542038d8da86971c5d8c955cfab195a4f672d7/pyright-1.1.403.tar.gz", hash = "sha256:3ab69b9f41c67fb5bbb4d7a36243256f0d549ed3608678d381d5f51863921104", size = 3913526 }
wheels = [
    { url = "https://files.pythonhosted.org/packages/49/b6/b04e5c2f41a5ccad74a1a4759da41adb20b4bc9d59a5e08d29ba60084d07/pyright-1.1.403-py3-none-any.whl", hash = "sha256:c0eeca5aa76cbef3fcc271259bbd785753c7ad7bcac99a9162b4c4c7daed23b3", size = 5684504 },
]

[[package]]
name = "ruff"
version = "0.12.7"
source = { registry = "https://pypi.org/simple" }
sdist = { url = "https://files.pythonhosted.org/packages/a1/81/0bd3594fa0f690466e41bd033bdcdf86cba8288345ac77ad4afbe5ec743a/ruff-0.12.7.tar.gz", hash = "sha256:1fc3193f238bc2d7968772c82831a4ff69252f673be371fb49663f0068b7ec71", size = 5197814 }
wheels = [
    { url = "https://files.pythonhosted.org/packages/e1/d2/6cb35e9c85e7a91e8d22ab32ae07ac39cc34a71f1009a6f9e4a2a019e602/ruff-0.12.7-py3-none-linux_armv6l.whl", hash = "sha256:76e4f31529899b8c434c3c1dede98c4483b89590e15fb49f2d46183801565303", size = 11852189 },
    { url = "https://files.pythonhosted.org/packages/63/5b/a4136b9921aa84638f1a6be7fb086f8cad0fde538ba76bda3682f2599a2f/ruff-0.12.7-py3-none-macosx_10_12_x86_64.whl", hash = "sha256:789b7a03e72507c54fb3ba6209e4bb36517b90f1a3569ea17084e3fd295500fb", size = 12519389 },
    { url = "https://files.pythonhosted.org/packages/a8/c9/3e24a8472484269b6b1821794141f879c54645a111ded4b6f58f9ab0705f/ruff-0.12.7-py3-none-macosx_11_0_arm64.whl", hash = "sha256:2e1c2a3b8626339bb6369116e7030a4cf194ea48f49b64bb505732a7fce4f4e3", size = 11743384 },
    { url = "https://files.pythonhosted.org/packages/26/7c/458dd25deeb3452c43eaee853c0b17a1e84169f8021a26d500ead77964fd/ruff-0.12.7-py3-none-manylinux_2_17_aarch64.manylinux2014_aarch64.whl", hash = "sha256:32dec41817623d388e645612ec70d5757a6d9c035f3744a52c7b195a57e03860", size = 11943759 },
    { url = "https://files.pythonhosted.org/packages/7f/8b/658798472ef260ca050e400ab96ef7e85c366c39cf3dfbef4d0a46a528b6/ruff-0.12.7-py3-none-manylinux_2_17_armv7l.manylinux2014_armv7l.whl", hash = "sha256:47ef751f722053a5df5fa48d412dbb54d41ab9b17875c6840a58ec63ff0c247c", size = 11654028 },
    { url = "https://files.pythonhosted.org/packages/a8/86/9c2336f13b2a3326d06d39178fd3448dcc7025f82514d1b15816fe42bfe8/ruff-0.12.7-py3-none-manylinux_2_17_i686.manylinux2014_i686.whl", hash = "sha256:a828a5fc25a3efd3e1ff7b241fd392686c9386f20e5ac90aa9234a5faa12c423", size = 13225209 },
    { url = "https://files.pythonhosted.org/packages/76/69/df73f65f53d6c463b19b6b312fd2391dc36425d926ec237a7ed028a90fc1/ruff-0.12.7-py3-none-manylinux_2_17_ppc64.manylinux2014_ppc64.whl", hash = "sha256:5726f59b171111fa6a69d82aef48f00b56598b03a22f0f4170664ff4d8298efb", size = 14182353 },
    { url = "https://files.pythonhosted.org/packages/58/1e/de6cda406d99fea84b66811c189b5ea139814b98125b052424b55d28a41c/ruff-0.12.7-py3-none-manylinux_2_17_ppc64le.manylinux2014_ppc64le.whl", hash = "sha256:74e6f5c04c4dd4aba223f4fe6e7104f79e0eebf7d307e4f9b18c18362124bccd", size = 13631555 },
    { url = "https://files.pythonhosted.org/packages/6f/ae/625d46d5164a6cc9261945a5e89df24457dc8262539ace3ac36c40f0b51e/ruff-0.12.7-py3-none-manylinux_2_17_s390x.manylinux2014_s390x.whl", hash = "sha256:5d0bfe4e77fba61bf2ccadf8cf005d6133e3ce08793bbe870dd1c734f2699a3e", size = 12667556 },
    { url = "https://files.pythonhosted.org/packages/55/bf/9cb1ea5e3066779e42ade8d0cd3d3b0582a5720a814ae1586f85014656b6/ruff-0.12.7-py3-none-manylinux_2_17_x86_64.manylinux2014_x86_64.whl", hash = "sha256:06bfb01e1623bf7f59ea749a841da56f8f653d641bfd046edee32ede7ff6c606", size = 12939784 },
    { url = "https://files.pythonhosted.org/packages/55/7f/7ead2663be5627c04be83754c4f3096603bf5e99ed856c7cd29618c691bd/ruff-0.12.7-py3-none-musllinux_1_2_aarch64.whl", hash = "sha256:e41df94a957d50083fd09b916d6e89e497246698c3f3d5c681c8b3e7b9bb4ac8", size = 11771356 },
    { url = "https://files.pythonhosted.org/packages/17/40/a95352ea16edf78cd3a938085dccc55df692a4d8ba1b3af7accbe2c806b0/ruff-0.12.7-py3-none-musllinux_1_2_armv7l.whl", hash = "sha256:4000623300563c709458d0ce170c3d0d788c23a058912f28bbadc6f905d67afa", size = 11612124 },
    { url = "https://files.pythonhosted.org/packages/4d/74/633b04871c669e23b8917877e812376827c06df866e1677f15abfadc95cb/ruff-0.12.7-py3-none-musllinux_1_2_i686.whl", hash = "sha256:69ffe0e5f9b2cf2b8e289a3f8945b402a1b19eff24ec389f45f23c42a3dd6fb5", size = 12479945 },
    { url = "https://files.pythonhosted.org/packages/be/34/c3ef2d7799c9778b835a76189c6f53c179d3bdebc8c65288c29032e03613/ruff-0.12.7-py3-none-musllinux_1_2_x86_64.whl", hash = "sha256:a07a5c8ffa2611a52732bdc67bf88e243abd84fe2d7f6daef3826b59abbfeda4", size = 12998677 },
    { url = "https://files.pythonhosted.org/packages/77/ab/aca2e756ad7b09b3d662a41773f3edcbd262872a4fc81f920dc1ffa44541/ruff-0.12.7-py3-none-win32.whl", hash = "sha256:c928f1b2ec59fb77dfdf70e0419408898b63998789cc98197e15f560b9e77f77", size = 11756687 },
    { url = "https://files.pythonhosted.org/packages/b4/71/26d45a5042bc71db22ddd8252ca9d01e9ca454f230e2996bb04f16d72799/ruff-0.12.7-py3-none-win_amd64.whl", hash = "sha256:9c18f3d707ee9edf89da76131956aba1270c6348bfee8f6c647de841eac7194f", size = 12912365 },
    { url = "https://files.pythonhosted.org/packages/4c/9b/0b8aa09817b63e78d94b4977f18b1fcaead3165a5ee49251c5d5c245bb2d/ruff-0.12.7-py3-none-win_arm64.whl", hash = "sha256:dfce05101dbd11833a0776716d5d1578641b7fddb537fe7fa956ab85d1769b69", size = 11982083 },
]

[[package]]
name = "sniffio"
version = "1.3.1"
source = { registry = "https://pypi.org/simple" }
sdist = { url = "https://files.pythonhosted.org/packages/a2/87/a6771e1546d97e7e041b6ae58d80074f81b7d5121207425c964ddf5cfdbd/sniffio-1.3.1.tar.gz", hash = "sha256:f4324edc670a0f49750a81b895f35c3adb843cca46f0530f79fc1babb23789dc", size = 20372 }
wheels = [
    { url = "https://files.pythonhosted.org/packages/e9/44/75a9c9421471a6c4805dbf2356f7c181a29c1879239abab1ea2cc8f38b40/sniffio-1.3.1-py3-none-any.whl", hash = "sha256:2f6da418d1f1e0fddd844478f41680e794e6051915791a034ff65e5f100525a2", size = 10235 },
]

[[package]]
name = "typing-extensions"
version = "4.14.1"
source = { registry = "https://pypi.org/simple" }
sdist = { url = "https://files.pythonhosted.org/packages/98/5a/da40306b885cc8c09109dc2e1abd358d5684b1425678151cdaed4731c822/typing_extensions-4.14.1.tar.gz", hash = "sha256:38b39f4aeeab64884ce9f74c94263ef78f3c22467c8724005483154c26648d36", size = 107673 }
wheels = [
    { url = "https://files.pythonhosted.org/packages/b5/00/d631e67a838026495268c2f6884f3711a15a9a2a96cd244fdaea53b823fb/typing_extensions-4.14.1-py3-none-any.whl", hash = "sha256:d1e1e3b58374dc93031d6eda2420a48ea44a36c2b4766a4fdeb3710755731d76", size = 43906 },
]
